// !$*UTF8*$!
{
	archiveVersion = 1;
	classes = {
	};
	objectVersion = 46;
	objects = {

/* Begin PBXBuildFile section */
		205415F81BA0351D00B42DC0 /* DetailViewController.swift in Sources */ = {isa = PBXBuildFile; fileRef = 205415F71BA0351D00B42DC0 /* DetailViewController.swift */; };
		205415F91BA0351D00B42DC0 /* DetailViewController.swift in Sources */ = {isa = PBXBuildFile; fileRef = 205415F71BA0351D00B42DC0 /* DetailViewController.swift */; };
		2060F0091B97D406005A90E8 /* loginBackground.png in Resources */ = {isa = PBXBuildFile; fileRef = 2060F0081B97D406005A90E8 /* loginBackground.png */; };
		2060F00A1B97D406005A90E8 /* loginBackground.png in Resources */ = {isa = PBXBuildFile; fileRef = 2060F0081B97D406005A90E8 /* loginBackground.png */; };
		206A85E01B83956700EAB367 /* AppDelegate.swift in Sources */ = {isa = PBXBuildFile; fileRef = 206A85DF1B83956700EAB367 /* AppDelegate.swift */; };
		206A85E21B83956700EAB367 /* ViewController.swift in Sources */ = {isa = PBXBuildFile; fileRef = 206A85E11B83956700EAB367 /* ViewController.swift */; };
		206A85E51B83956700EAB367 /* Main.storyboard in Resources */ = {isa = PBXBuildFile; fileRef = 206A85E31B83956700EAB367 /* Main.storyboard */; };
		206A85E71B83956700EAB367 /* Images.xcassets in Resources */ = {isa = PBXBuildFile; fileRef = 206A85E61B83956700EAB367 /* Images.xcassets */; };
		206A85EA1B83956700EAB367 /* LaunchScreen.xib in Resources */ = {isa = PBXBuildFile; fileRef = 206A85E81B83956700EAB367 /* LaunchScreen.xib */; };
		206A85F61B83956800EAB367 /* breastfeeding3Tests.swift in Sources */ = {isa = PBXBuildFile; fileRef = 206A85F51B83956800EAB367 /* breastfeeding3Tests.swift */; };
		206A86001B846EF200EAB367 /* ListViewController.swift in Sources */ = {isa = PBXBuildFile; fileRef = 206A85FF1B846EF200EAB367 /* ListViewController.swift */; };
		206A86021B846FA600EAB367 /* EntryViewController.swift in Sources */ = {isa = PBXBuildFile; fileRef = 206A86011B846FA600EAB367 /* EntryViewController.swift */; };
		20E9444D1BA27ACB00553B23 /* droid-serif in Resources */ = {isa = PBXBuildFile; fileRef = 20E9444C1BA27ACB00553B23 /* droid-serif */; };
		20E9444E1BA27ACB00553B23 /* droid-serif in Resources */ = {isa = PBXBuildFile; fileRef = 20E9444C1BA27ACB00553B23 /* droid-serif */; };
		20E944501BA2C3FF00553B23 /* montserrat in Resources */ = {isa = PBXBuildFile; fileRef = 20E9444F1BA2C3FF00553B23 /* montserrat */; };
		20E944511BA2C3FF00553B23 /* montserrat in Resources */ = {isa = PBXBuildFile; fileRef = 20E9444F1BA2C3FF00553B23 /* montserrat */; };
		20E944561BA2C5B200553B23 /* droid-sans in Resources */ = {isa = PBXBuildFile; fileRef = 20E944551BA2C5B200553B23 /* droid-sans */; };
		20E944571BA2C5B200553B23 /* droid-sans in Resources */ = {isa = PBXBuildFile; fileRef = 20E944551BA2C5B200553B23 /* droid-sans */; };
/* End PBXBuildFile section */

/* Begin PBXContainerItemProxy section */
		206A85F01B83956800EAB367 /* PBXContainerItemProxy */ = {
			isa = PBXContainerItemProxy;
			containerPortal = 206A85D21B83956700EAB367 /* Project object */;
			proxyType = 1;
			remoteGlobalIDString = 206A85D91B83956700EAB367;
			remoteInfo = breastfeeding3;
		};
/* End PBXContainerItemProxy section */

/* Begin PBXFileReference section */
		205415F71BA0351D00B42DC0 /* DetailViewController.swift */ = {isa = PBXFileReference; fileEncoding = 4; lastKnownFileType = sourcecode.swift; path = DetailViewController.swift; sourceTree = "<group>"; };
		2060F0081B97D406005A90E8 /* loginBackground.png */ = {isa = PBXFileReference; lastKnownFileType = image.png; path = loginBackground.png; sourceTree = "<group>"; };
		206A85DA1B83956700EAB367 /* breastfeeding3.app */ = {isa = PBXFileReference; explicitFileType = wrapper.application; includeInIndex = 0; path = breastfeeding3.app; sourceTree = BUILT_PRODUCTS_DIR; };
		206A85DE1B83956700EAB367 /* Info.plist */ = {isa = PBXFileReference; lastKnownFileType = text.plist.xml; path = Info.plist; sourceTree = "<group>"; };
		206A85DF1B83956700EAB367 /* AppDelegate.swift */ = {isa = PBXFileReference; lastKnownFileType = sourcecode.swift; path = AppDelegate.swift; sourceTree = "<group>"; };
		206A85E11B83956700EAB367 /* ViewController.swift */ = {isa = PBXFileReference; lastKnownFileType = sourcecode.swift; path = ViewController.swift; sourceTree = "<group>"; };
		206A85E41B83956700EAB367 /* Base */ = {isa = PBXFileReference; lastKnownFileType = file.storyboard; name = Base; path = Base.lproj/Main.storyboard; sourceTree = "<group>"; };
		206A85E61B83956700EAB367 /* Images.xcassets */ = {isa = PBXFileReference; lastKnownFileType = folder.assetcatalog; path = Images.xcassets; sourceTree = "<group>"; };
		206A85E91B83956700EAB367 /* Base */ = {isa = PBXFileReference; lastKnownFileType = file.xib; name = Base; path = Base.lproj/LaunchScreen.xib; sourceTree = "<group>"; };
		206A85EF1B83956800EAB367 /* breastfeeding3Tests.xctest */ = {isa = PBXFileReference; explicitFileType = wrapper.cfbundle; includeInIndex = 0; path = breastfeeding3Tests.xctest; sourceTree = BUILT_PRODUCTS_DIR; };
		206A85F41B83956800EAB367 /* Info.plist */ = {isa = PBXFileReference; lastKnownFileType = text.plist.xml; path = Info.plist; sourceTree = "<group>"; };
		206A85F51B83956800EAB367 /* breastfeeding3Tests.swift */ = {isa = PBXFileReference; lastKnownFileType = sourcecode.swift; path = breastfeeding3Tests.swift; sourceTree = "<group>"; };
		206A85FF1B846EF200EAB367 /* ListViewController.swift */ = {isa = PBXFileReference; fileEncoding = 4; lastKnownFileType = sourcecode.swift; path = ListViewController.swift; sourceTree = "<group>"; };
		206A86011B846FA600EAB367 /* EntryViewController.swift */ = {isa = PBXFileReference; fileEncoding = 4; lastKnownFileType = sourcecode.swift; path = EntryViewController.swift; sourceTree = "<group>"; };
		20E9444C1BA27ACB00553B23 /* droid-serif */ = {isa = PBXFileReference; lastKnownFileType = folder; path = "droid-serif"; sourceTree = "<group>"; };
		20E9444F1BA2C3FF00553B23 /* montserrat */ = {isa = PBXFileReference; lastKnownFileType = folder; path = montserrat; sourceTree = "<group>"; };
		20E944551BA2C5B200553B23 /* droid-sans */ = {isa = PBXFileReference; lastKnownFileType = folder; path = "droid-sans"; sourceTree = "<group>"; };
/* End PBXFileReference section */

/* Begin PBXFrameworksBuildPhase section */
		206A85D71B83956700EAB367 /* Frameworks */ = {
			isa = PBXFrameworksBuildPhase;
			buildActionMask = 2147483647;
			files = (
			);
			runOnlyForDeploymentPostprocessing = 0;
		};
		206A85EC1B83956800EAB367 /* Frameworks */ = {
			isa = PBXFrameworksBuildPhase;
			buildActionMask = 2147483647;
			files = (
			);
			runOnlyForDeploymentPostprocessing = 0;
		};
/* End PBXFrameworksBuildPhase section */

/* Begin PBXGroup section */
		206A85D11B83956700EAB367 = {
			isa = PBXGroup;
			children = (
				206A85DC1B83956700EAB367 /* breastfeeding3 */,
				206A85F21B83956800EAB367 /* breastfeeding3Tests */,
				206A85DB1B83956700EAB367 /* Products */,
			);
			sourceTree = "<group>";
		};
		206A85DB1B83956700EAB367 /* Products */ = {
			isa = PBXGroup;
			children = (
				206A85DA1B83956700EAB367 /* breastfeeding3.app */,
				206A85EF1B83956800EAB367 /* breastfeeding3Tests.xctest */,
			);
			name = Products;
			sourceTree = "<group>";
		};
		206A85DC1B83956700EAB367 /* breastfeeding3 */ = {
			isa = PBXGroup;
			children = (
				206A85DF1B83956700EAB367 /* AppDelegate.swift */,
				206A85E11B83956700EAB367 /* ViewController.swift */,
				206A85FF1B846EF200EAB367 /* ListViewController.swift */,
				206A86011B846FA600EAB367 /* EntryViewController.swift */,
				205415F71BA0351D00B42DC0 /* DetailViewController.swift */,
				206A85E31B83956700EAB367 /* Main.storyboard */,
				2060F0081B97D406005A90E8 /* loginBackground.png */,
				206A85E61B83956700EAB367 /* Images.xcassets */,
				206A85E81B83956700EAB367 /* LaunchScreen.xib */,
				206A85DD1B83956700EAB367 /* Supporting Files */,
			);
			path = breastfeeding3;
			sourceTree = "<group>";
		};
		206A85DD1B83956700EAB367 /* Supporting Files */ = {
			isa = PBXGroup;
			children = (
				206A85DE1B83956700EAB367 /* Info.plist */,
				20E944551BA2C5B200553B23 /* droid-sans */,
				20E9444F1BA2C3FF00553B23 /* montserrat */,
				20E9444C1BA27ACB00553B23 /* droid-serif */,
			);
			name = "Supporting Files";
			sourceTree = "<group>";
		};
		206A85F21B83956800EAB367 /* breastfeeding3Tests */ = {
			isa = PBXGroup;
			children = (
				206A85F51B83956800EAB367 /* breastfeeding3Tests.swift */,
				206A85F31B83956800EAB367 /* Supporting Files */,
			);
			path = breastfeeding3Tests;
			sourceTree = "<group>";
		};
		206A85F31B83956800EAB367 /* Supporting Files */ = {
			isa = PBXGroup;
			children = (
				206A85F41B83956800EAB367 /* Info.plist */,
			);
			name = "Supporting Files";
			sourceTree = "<group>";
		};
/* End PBXGroup section */

/* Begin PBXNativeTarget section */
		206A85D91B83956700EAB367 /* breastfeeding3 */ = {
			isa = PBXNativeTarget;
			buildConfigurationList = 206A85F91B83956800EAB367 /* Build configuration list for PBXNativeTarget "breastfeeding3" */;
			buildPhases = (
				206A85D61B83956700EAB367 /* Sources */,
				206A85D71B83956700EAB367 /* Frameworks */,
				206A85D81B83956700EAB367 /* Resources */,
			);
			buildRules = (
			);
			dependencies = (
			);
			name = breastfeeding3;
			productName = breastfeeding3;
			productReference = 206A85DA1B83956700EAB367 /* breastfeeding3.app */;
			productType = "com.apple.product-type.application";
		};
		206A85EE1B83956800EAB367 /* breastfeeding3Tests */ = {
			isa = PBXNativeTarget;
			buildConfigurationList = 206A85FC1B83956800EAB367 /* Build configuration list for PBXNativeTarget "breastfeeding3Tests" */;
			buildPhases = (
				206A85EB1B83956800EAB367 /* Sources */,
				206A85EC1B83956800EAB367 /* Frameworks */,
				206A85ED1B83956800EAB367 /* Resources */,
			);
			buildRules = (
			);
			dependencies = (
				206A85F11B83956800EAB367 /* PBXTargetDependency */,
			);
			name = breastfeeding3Tests;
			productName = breastfeeding3Tests;
			productReference = 206A85EF1B83956800EAB367 /* breastfeeding3Tests.xctest */;
			productType = "com.apple.product-type.bundle.unit-test";
		};
/* End PBXNativeTarget section */

/* Begin PBXProject section */
		206A85D21B83956700EAB367 /* Project object */ = {
			isa = PBXProject;
			attributes = {
				LastUpgradeCheck = 0640;
				ORGANIZATIONNAME = truicong;
				TargetAttributes = {
					206A85D91B83956700EAB367 = {
						CreatedOnToolsVersion = 6.4;
					};
					206A85EE1B83956800EAB367 = {
						CreatedOnToolsVersion = 6.4;
						TestTargetID = 206A85D91B83956700EAB367;
					};
				};
			};
			buildConfigurationList = 206A85D51B83956700EAB367 /* Build configuration list for PBXProject "breastfeeding3" */;
			compatibilityVersion = "Xcode 3.2";
			developmentRegion = English;
			hasScannedForEncodings = 0;
			knownRegions = (
				en,
				Base,
			);
			mainGroup = 206A85D11B83956700EAB367;
			productRefGroup = 206A85DB1B83956700EAB367 /* Products */;
			projectDirPath = "";
			projectRoot = "";
			targets = (
				206A85D91B83956700EAB367 /* breastfeeding3 */,
				206A85EE1B83956800EAB367 /* breastfeeding3Tests */,
			);
		};
/* End PBXProject section */

/* Begin PBXResourcesBuildPhase section */
		206A85D81B83956700EAB367 /* Resources */ = {
			isa = PBXResourcesBuildPhase;
			buildActionMask = 2147483647;
			files = (
				206A85E51B83956700EAB367 /* Main.storyboard in Resources */,
				20E9444D1BA27ACB00553B23 /* droid-serif in Resources */,
				206A85EA1B83956700EAB367 /* LaunchScreen.xib in Resources */,
				206A85E71B83956700EAB367 /* Images.xcassets in Resources */,
				20E944561BA2C5B200553B23 /* droid-sans in Resources */,
				2060F0091B97D406005A90E8 /* loginBackground.png in Resources */,
				20E944501BA2C3FF00553B23 /* montserrat in Resources */,
			);
			runOnlyForDeploymentPostprocessing = 0;
		};
		206A85ED1B83956800EAB367 /* Resources */ = {
			isa = PBXResourcesBuildPhase;
			buildActionMask = 2147483647;
			files = (
				20E9444E1BA27ACB00553B23 /* droid-serif in Resources */,
				2060F00A1B97D406005A90E8 /* loginBackground.png in Resources */,
				20E944571BA2C5B200553B23 /* droid-sans in Resources */,
				20E944511BA2C3FF00553B23 /* montserrat in Resources */,
			);
			runOnlyForDeploymentPostprocessing = 0;
		};
/* End PBXResourcesBuildPhase section */

/* Begin PBXSourcesBuildPhase section */
		206A85D61B83956700EAB367 /* Sources */ = {
			isa = PBXSourcesBuildPhase;
			buildActionMask = 2147483647;
			files = (
				206A85E21B83956700EAB367 /* ViewController.swift in Sources */,
				206A86021B846FA600EAB367 /* EntryViewController.swift in Sources */,
				205415F81BA0351D00B42DC0 /* DetailViewController.swift in Sources */,
				206A85E01B83956700EAB367 /* AppDelegate.swift in Sources */,
				206A86001B846EF200EAB367 /* ListViewController.swift in Sources */,
			);
			runOnlyForDeploymentPostprocessing = 0;
		};
		206A85EB1B83956800EAB367 /* Sources */ = {
			isa = PBXSourcesBuildPhase;
			buildActionMask = 2147483647;
			files = (
				206A85F61B83956800EAB367 /* breastfeeding3Tests.swift in Sources */,
				205415F91BA0351D00B42DC0 /* DetailViewController.swift in Sources */,
			);
			runOnlyForDeploymentPostprocessing = 0;
		};
/* End PBXSourcesBuildPhase section */

/* Begin PBXTargetDependency section */
		206A85F11B83956800EAB367 /* PBXTargetDependency */ = {
			isa = PBXTargetDependency;
			target = 206A85D91B83956700EAB367 /* breastfeeding3 */;
			targetProxy = 206A85F01B83956800EAB367 /* PBXContainerItemProxy */;
		};
/* End PBXTargetDependency section */

/* Begin PBXVariantGroup section */
		206A85E31B83956700EAB367 /* Main.storyboard */ = {
			isa = PBXVariantGroup;
			children = (
				206A85E41B83956700EAB367 /* Base */,
			);
			name = Main.storyboard;
			sourceTree = "<group>";
		};
		206A85E81B83956700EAB367 /* LaunchScreen.xib */ = {
			isa = PBXVariantGroup;
			children = (
				206A85E91B83956700EAB367 /* Base */,
			);
			name = LaunchScreen.xib;
			sourceTree = "<group>";
		};
/* End PBXVariantGroup section */

/* Begin XCBuildConfiguration section */
		206A85F71B83956800EAB367 /* Debug */ = {
			isa = XCBuildConfiguration;
			buildSettings = {
				ALWAYS_SEARCH_USER_PATHS = NO;
				CLANG_CXX_LANGUAGE_STANDARD = "gnu++0x";
				CLANG_CXX_LIBRARY = "libc++";
				CLANG_ENABLE_MODULES = YES;
				CLANG_ENABLE_OBJC_ARC = YES;
				CLANG_WARN_BOOL_CONVERSION = YES;
				CLANG_WARN_CONSTANT_CONVERSION = YES;
				CLANG_WARN_DIRECT_OBJC_ISA_USAGE = YES_ERROR;
				CLANG_WARN_EMPTY_BODY = YES;
				CLANG_WARN_ENUM_CONVERSION = YES;
				CLANG_WARN_INT_CONVERSION = YES;
				CLANG_WARN_OBJC_ROOT_CLASS = YES_ERROR;
				CLANG_WARN_UNREACHABLE_CODE = YES;
				CLANG_WARN__DUPLICATE_METHOD_MATCH = YES;
				"CODE_SIGN_IDENTITY[sdk=iphoneos*]" = "iPhone Developer";
				COPY_PHASE_STRIP = NO;
				DEBUG_INFORMATION_FORMAT = "dwarf-with-dsym";
				ENABLE_STRICT_OBJC_MSGSEND = YES;
				GCC_C_LANGUAGE_STANDARD = gnu99;
				GCC_DYNAMIC_NO_PIC = NO;
				GCC_NO_COMMON_BLOCKS = YES;
				GCC_OPTIMIZATION_LEVEL = 0;
				GCC_PREPROCESSOR_DEFINITIONS = (
					"DEBUG=1",
					"$(inherited)",
				);
				GCC_SYMBOLS_PRIVATE_EXTERN = NO;
				GCC_WARN_64_TO_32_BIT_CONVERSION = YES;
				GCC_WARN_ABOUT_RETURN_TYPE = YES_ERROR;
				GCC_WARN_UNDECLARED_SELECTOR = YES;
				GCC_WARN_UNINITIALIZED_AUTOS = YES_AGGRESSIVE;
				GCC_WARN_UNUSED_FUNCTION = YES;
				GCC_WARN_UNUSED_VARIABLE = YES;
				IPHONEOS_DEPLOYMENT_TARGET = 8.4;
				MTL_ENABLE_DEBUG_INFO = YES;
				ONLY_ACTIVE_ARCH = YES;
				SDKROOT = iphoneos;
				SWIFT_OPTIMIZATION_LEVEL = "-Onone";
			};
			name = Debug;
		};
		206A85F81B83956800EAB367 /* Release */ = {
			isa = XCBuildConfiguration;
			buildSettings = {
				ALWAYS_SEARCH_USER_PATHS = NO;
				CLANG_CXX_LANGUAGE_STANDARD = "gnu++0x";
				CLANG_CXX_LIBRARY = "libc++";
				CLANG_ENABLE_MODULES = YES;
				CLANG_ENABLE_OBJC_ARC = YES;
				CLANG_WARN_BOOL_CONVERSION = YES;
				CLANG_WARN_CONSTANT_CONVERSION = YES;
				CLANG_WARN_DIRECT_OBJC_ISA_USAGE = YES_ERROR;
				CLANG_WARN_EMPTY_BODY = YES;
				CLANG_WARN_ENUM_CONVERSION = YES;
				CLANG_WARN_INT_CONVERSION = YES;
				CLANG_WARN_OBJC_ROOT_CLASS = YES_ERROR;
				CLANG_WARN_UNREACHABLE_CODE = YES;
				CLANG_WARN__DUPLICATE_METHOD_MATCH = YES;
				"CODE_SIGN_IDENTITY[sdk=iphoneos*]" = "iPhone Developer";
				COPY_PHASE_STRIP = NO;
				DEBUG_INFORMATION_FORMAT = "dwarf-with-dsym";
				ENABLE_NS_ASSERTIONS = NO;
				ENABLE_STRICT_OBJC_MSGSEND = YES;
				GCC_C_LANGUAGE_STANDARD = gnu99;
				GCC_NO_COMMON_BLOCKS = YES;
				GCC_WARN_64_TO_32_BIT_CONVERSION = YES;
				GCC_WARN_ABOUT_RETURN_TYPE = YES_ERROR;
				GCC_WARN_UNDECLARED_SELECTOR = YES;
				GCC_WARN_UNINITIALIZED_AUTOS = YES_AGGRESSIVE;
				GCC_WARN_UNUSED_FUNCTION = YES;
				GCC_WARN_UNUSED_VARIABLE = YES;
				IPHONEOS_DEPLOYMENT_TARGET = 8.4;
				MTL_ENABLE_DEBUG_INFO = NO;
				SDKROOT = iphoneos;
				VALIDATE_PRODUCT = YES;
			};
			name = Release;
		};
		206A85FA1B83956800EAB367 /* Debug */ = {
			isa = XCBuildConfiguration;
			buildSettings = {
				ASSETCATALOG_COMPILER_APPICON_NAME = AppIcon;
				INFOPLIST_FILE = breastfeeding3/Info.plist;
				LD_RUNPATH_SEARCH_PATHS = "$(inherited) @executable_path/Frameworks";
				PRODUCT_NAME = "$(TARGET_NAME)";
			};
			name = Debug;
		};
		206A85FB1B83956800EAB367 /* Release */ = {
			isa = XCBuildConfiguration;
			buildSettings = {
				ASSETCATALOG_COMPILER_APPICON_NAME = AppIcon;
				INFOPLIST_FILE = breastfeeding3/Info.plist;
				LD_RUNPATH_SEARCH_PATHS = "$(inherited) @executable_path/Frameworks";
				PRODUCT_NAME = "$(TARGET_NAME)";
			};
			name = Release;
		};
		206A85FD1B83956800EAB367 /* Debug */ = {
			isa = XCBuildConfiguration;
			buildSettings = {
				BUNDLE_LOADER = "$(TEST_HOST)";
				FRAMEWORK_SEARCH_PATHS = (
					"$(SDKROOT)/Developer/Library/Frameworks",
					"$(inherited)",
				);
				GCC_PREPROCESSOR_DEFINITIONS = (
					"DEBUG=1",
					"$(inherited)",
				);
				INFOPLIST_FILE = breastfeeding3Tests/Info.plist;
				LD_RUNPATH_SEARCH_PATHS = "$(inherited) @executable_path/Frameworks @loader_path/Frameworks";
				PRODUCT_NAME = "$(TARGET_NAME)";
				TEST_HOST = "$(BUILT_PRODUCTS_DIR)/breastfeeding3.app/breastfeeding3";
			};
			name = Debug;
		};
		206A85FE1B83956800EAB367 /* Release */ = {
			isa = XCBuildConfiguration;
			buildSettings = {
				BUNDLE_LOADER = "$(TEST_HOST)";
				FRAMEWORK_SEARCH_PATHS = (
					"$(SDKROOT)/Developer/Library/Frameworks",
					"$(inherited)",
				);
				INFOPLIST_FILE = breastfeeding3Tests/Info.plist;
				LD_RUNPATH_SEARCH_PATHS = "$(inherited) @executable_path/Frameworks @loader_path/Frameworks";
				PRODUCT_NAME = "$(TARGET_NAME)";
				TEST_HOST = "$(BUILT_PRODUCTS_DIR)/breastfeeding3.app/breastfeeding3";
			};
			name = Release;
		};
/* End XCBuildConfiguration section */

/* Begin XCConfigurationList section */
		206A85D51B83956700EAB367 /* Build configuration list for PBXProject "breastfeeding3" */ = {
			isa = XCConfigurationList;
			buildConfigurations = (
				206A85F71B83956800EAB367 /* Debug */,
				206A85F81B83956800EAB367 /* Release */,
			);
			defaultConfigurationIsVisible = 0;
			defaultConfigurationName = Release;
		};
		206A85F91B83956800EAB367 /* Build configuration list for PBXNativeTarget "breastfeeding3" */ = {
			isa = XCConfigurationList;
			buildConfigurations = (
				206A85FA1B83956800EAB367 /* Debug */,
				206A85FB1B83956800EAB367 /* Release */,
			);
			defaultConfigurationIsVisible = 0;
			defaultConfigurationName = Release;
		};
		206A85FC1B83956800EAB367 /* Build configuration list for PBXNativeTarget "breastfeeding3Tests" */ = {
			isa = XCConfigurationList;
			buildConfigurations = (
				206A85FD1B83956800EAB367 /* Debug */,
				206A85FE1B83956800EAB367 /* Release */,
			);
			defaultConfigurationIsVisible = 0;
			defaultConfigurationName = Release;
		};
/* End XCConfigurationList section */
	};
	rootObject = 206A85D21B83956700EAB367 /* Project object */;
}
